
Microsoft Visual Studio Solution File, Format Version 10.00
# Visual Studio 2008
Project("{8BC9CEB8-8B4A-11D0-8D11-00A0C91BC942}") = "Math", "Math\Math.vcproj", "{82AC70FC-4CB6-4FF4-9CEA-E8FA28D4AA3E}"
EndProject
Project("{8BC9CEB8-8B4A-11D0-8D11-00A0C91BC942}") = "Common", "Common\Common.vcproj", "{1F4BE282-E7BD-462A-B798-9975C5E3F699}"
EndProject
Project("{8BC9CEB8-8B4A-11D0-8D11-00A0C91BC942}") = "TestRender", "TestRender\TestRender.vcproj", "{4423FC5C-92AF-4A9B-B80D-CF676929FFC1}"
	ProjectSection(ProjectDependencies) = postProject
		{ED053B6A-E1C9-4781-93AE-633837016D00} = {ED053B6A-E1C9-4781-93AE-633837016D00}
		{C22874BD-ABA3-4E5E-86D6-31F98520B557} = {C22874BD-ABA3-4E5E-86D6-31F98520B557}
	EndProjectSection
EndProject
Project("{8BC9CEB8-8B4A-11D0-8D11-00A0C91BC942}") = "Shapes", "Shapes\Shapes.vcproj", "{C22874BD-ABA3-4E5E-86D6-31F98520B557}"
	ProjectSection(ProjectDependencies) = postProject
		{ED053B6A-E1C9-4781-93AE-633837016D00} = {ED053B6A-E1C9-4781-93AE-633837016D00}
	EndProjectSection
EndProject
Project("{8BC9CEB8-8B4A-11D0-8D11-00A0C91BC942}") = "Core", "core\core.vcproj", "{ED053B6A-E1C9-4781-93AE-633837016D00}"
EndProject
Project("{8BC9CEB8-8B4A-11D0-8D11-00A0C91BC942}") = "TestTrace", "TestTrace\TestTrace.vcproj", "{1B889D66-FDEF-4835-A924-698B5CCCDE78}"
	ProjectSection(ProjectDependencies) = postProject
		{ED053B6A-E1C9-4781-93AE-633837016D00} = {ED053B6A-E1C9-4781-93AE-633837016D00}
		{C22874BD-ABA3-4E5E-86D6-31F98520B557} = {C22874BD-ABA3-4E5E-86D6-31F98520B557}
	EndProjectSection
EndProject
Global
	GlobalSection(SolutionConfigurationPlatforms) = preSolution
		Debug|Win32 = Debug|Win32
		Release|Win32 = Release|Win32
	EndGlobalSection
	GlobalSection(ProjectConfigurationPlatforms) = postSolution
		{82AC70FC-4CB6-4FF4-9CEA-E8FA28D4AA3E}.Debug|Win32.ActiveCfg = Debug|Win32
		{82AC70FC-4CB6-4FF4-9CEA-E8FA28D4AA3E}.Debug|Win32.Build.0 = Debug|Win32
		{82AC70FC-4CB6-4FF4-9CEA-E8FA28D4AA3E}.Release|Win32.ActiveCfg = Release|Win32
		{82AC70FC-4CB6-4FF4-9CEA-E8FA28D4AA3E}.Release|Win32.Build.0 = Release|Win32
		{1F4BE282-E7BD-462A-B798-9975C5E3F699}.Debug|Win32.ActiveCfg = Debug|Win32
		{1F4BE282-E7BD-462A-B798-9975C5E3F699}.Debug|Win32.Build.0 = Debug|Win32
		{1F4BE282-E7BD-462A-B798-9975C5E3F699}.Release|Win32.ActiveCfg = Release|Win32
		{1F4BE282-E7BD-462A-B798-9975C5E3F699}.Release|Win32.Build.0 = Release|Win32
		{4423FC5C-92AF-4A9B-B80D-CF676929FFC1}.Debug|Win32.ActiveCfg = Debug|Win32
		{4423FC5C-92AF-4A9B-B80D-CF676929FFC1}.Debug|Win32.Build.0 = Debug|Win32
		{4423FC5C-92AF-4A9B-B80D-CF676929FFC1}.Release|Win32.ActiveCfg = Release|Win32
		{4423FC5C-92AF-4A9B-B80D-CF676929FFC1}.Release|Win32.Build.0 = Release|Win32
		{C22874BD-ABA3-4E5E-86D6-31F98520B557}.Debug|Win32.ActiveCfg = Debug|Win32
		{C22874BD-ABA3-4E5E-86D6-31F98520B557}.Debug|Win32.Build.0 = Debug|Win32
		{C22874BD-ABA3-4E5E-86D6-31F98520B557}.Release|Win32.ActiveCfg = Release|Win32
		{C22874BD-ABA3-4E5E-86D6-31F98520B557}.Release|Win32.Build.0 = Release|Win32
		{ED053B6A-E1C9-4781-93AE-633837016D00}.Debug|Win32.ActiveCfg = Debug|Win32
		{ED053B6A-E1C9-4781-93AE-633837016D00}.Debug|Win32.Build.0 = Debug|Win32
		{ED053B6A-E1C9-4781-93AE-633837016D00}.Release|Win32.ActiveCfg = Release|Win32
		{ED053B6A-E1C9-4781-93AE-633837016D00}.Release|Win32.Build.0 = Release|Win32
		{1B889D66-FDEF-4835-A924-698B5CCCDE78}.Debug|Win32.ActiveCfg = Debug|Win32
		{1B889D66-FDEF-4835-A924-698B5CCCDE78}.Debug|Win32.Build.0 = Debug|Win32
		{1B889D66-FDEF-4835-A924-698B5CCCDE78}.Release|Win32.ActiveCfg = Release|Win32
		{1B889D66-FDEF-4835-A924-698B5CCCDE78}.Release|Win32.Build.0 = Release|Win32
	EndGlobalSection
	GlobalSection(SolutionProperties) = preSolution
		HideSolutionNode = FALSE
	EndGlobalSection
EndGlobal
