
Microsoft Visual Studio Solution File, Format Version 12.00
# Visual Studio 2013
VisualStudioVersion = 12.0.40418.0
MinimumVisualStudioVersion = 10.0.40219.1
Project("{8BC9CEB8-8B4A-11D0-8D11-00A0C91BC942}") = "Math", "RayLibs\Math\Math.vcxproj", "{82AC70FC-4CB6-4FF4-9CEA-E8FA28D4AA3E}"
	ProjectSection(ProjectDependencies) = postProject
		{1F4BE282-E7BD-462A-B798-9975C5E3F699} = {1F4BE282-E7BD-462A-B798-9975C5E3F699}
	EndProjectSection
EndProject
Project("{8BC9CEB8-8B4A-11D0-8D11-00A0C91BC942}") = "Common", "RayLibs\Common\Common.vcxproj", "{1F4BE282-E7BD-462A-B798-9975C5E3F699}"
EndProject
Project("{8BC9CEB8-8B4A-11D0-8D11-00A0C91BC942}") = "Shapes", "RayLibs\Shapes\Shapes.vcxproj", "{C22874BD-ABA3-4E5E-86D6-31F98520B557}"
	ProjectSection(ProjectDependencies) = postProject
		{ED053B6A-E1C9-4781-93AE-633837016D00} = {ED053B6A-E1C9-4781-93AE-633837016D00}
		{1F4BE282-E7BD-462A-B798-9975C5E3F699} = {1F4BE282-E7BD-462A-B798-9975C5E3F699}
		{82AC70FC-4CB6-4FF4-9CEA-E8FA28D4AA3E} = {82AC70FC-4CB6-4FF4-9CEA-E8FA28D4AA3E}
	EndProjectSection
EndProject
Project("{8BC9CEB8-8B4A-11D0-8D11-00A0C91BC942}") = "Raytracer", "RayLibs\Raytracer\Raytracer.vcxproj", "{ED053B6A-E1C9-4781-93AE-633837016D00}"
	ProjectSection(ProjectDependencies) = postProject
		{1F4BE282-E7BD-462A-B798-9975C5E3F699} = {1F4BE282-E7BD-462A-B798-9975C5E3F699}
		{82AC70FC-4CB6-4FF4-9CEA-E8FA28D4AA3E} = {82AC70FC-4CB6-4FF4-9CEA-E8FA28D4AA3E}
	EndProjectSection
EndProject
Project("{8BC9CEB8-8B4A-11D0-8D11-00A0C91BC942}") = "UnitTests", "RayLibs\UnitTests\UnitTests.vcxproj", "{8035CBAD-5A7C-46F2-939A-172018577A27}"
	ProjectSection(ProjectDependencies) = postProject
		{ED053B6A-E1C9-4781-93AE-633837016D00} = {ED053B6A-E1C9-4781-93AE-633837016D00}
		{1F4BE282-E7BD-462A-B798-9975C5E3F699} = {1F4BE282-E7BD-462A-B798-9975C5E3F699}
		{C22874BD-ABA3-4E5E-86D6-31F98520B557} = {C22874BD-ABA3-4E5E-86D6-31F98520B557}
		{82AC70FC-4CB6-4FF4-9CEA-E8FA28D4AA3E} = {82AC70FC-4CB6-4FF4-9CEA-E8FA28D4AA3E}
	EndProjectSection
EndProject
Project("{8BC9CEB8-8B4A-11D0-8D11-00A0C91BC942}") = "CADImport", "RayLibs\CADImport\CADImport.vcxproj", "{74EE4312-D17B-475E-ABA7-CB2C8C129999}"
	ProjectSection(ProjectDependencies) = postProject
		{ED053B6A-E1C9-4781-93AE-633837016D00} = {ED053B6A-E1C9-4781-93AE-633837016D00}
		{1F4BE282-E7BD-462A-B798-9975C5E3F699} = {1F4BE282-E7BD-462A-B798-9975C5E3F699}
		{C22874BD-ABA3-4E5E-86D6-31F98520B557} = {C22874BD-ABA3-4E5E-86D6-31F98520B557}
		{82AC70FC-4CB6-4FF4-9CEA-E8FA28D4AA3E} = {82AC70FC-4CB6-4FF4-9CEA-E8FA28D4AA3E}
	EndProjectSection
EndProject
Project("{8BC9CEB8-8B4A-11D0-8D11-00A0C91BC942}") = "NodeAPI", "NodeAPI\NodeAPI.vcxproj", "{FD9F180B-99CE-7B2F-62DD-6B5282874786}"
	ProjectSection(ProjectDependencies) = postProject
		{74EE4312-D17B-475E-ABA7-CB2C8C129999} = {74EE4312-D17B-475E-ABA7-CB2C8C129999}
		{ED053B6A-E1C9-4781-93AE-633837016D00} = {ED053B6A-E1C9-4781-93AE-633837016D00}
		{1F4BE282-E7BD-462A-B798-9975C5E3F699} = {1F4BE282-E7BD-462A-B798-9975C5E3F699}
		{C22874BD-ABA3-4E5E-86D6-31F98520B557} = {C22874BD-ABA3-4E5E-86D6-31F98520B557}
		{82AC70FC-4CB6-4FF4-9CEA-E8FA28D4AA3E} = {82AC70FC-4CB6-4FF4-9CEA-E8FA28D4AA3E}
	EndProjectSection
EndProject
Global
	GlobalSection(SolutionConfigurationPlatforms) = preSolution
		Debug|Any CPU = Debug|Any CPU
		Debug|Mixed Platforms = Debug|Mixed Platforms
		Debug|Win32 = Debug|Win32
		Debug|x64 = Debug|x64
		Release|Any CPU = Release|Any CPU
		Release|Mixed Platforms = Release|Mixed Platforms
		Release|Win32 = Release|Win32
		Release|x64 = Release|x64
	EndGlobalSection
	GlobalSection(ProjectConfigurationPlatforms) = postSolution
		{82AC70FC-4CB6-4FF4-9CEA-E8FA28D4AA3E}.Debug|Any CPU.ActiveCfg = Debug|x64
		{82AC70FC-4CB6-4FF4-9CEA-E8FA28D4AA3E}.Debug|Mixed Platforms.ActiveCfg = Debug|x64
		{82AC70FC-4CB6-4FF4-9CEA-E8FA28D4AA3E}.Debug|Mixed Platforms.Build.0 = Debug|x64
		{82AC70FC-4CB6-4FF4-9CEA-E8FA28D4AA3E}.Debug|Win32.ActiveCfg = Debug|x64
		{82AC70FC-4CB6-4FF4-9CEA-E8FA28D4AA3E}.Debug|x64.ActiveCfg = Debug|x64
		{82AC70FC-4CB6-4FF4-9CEA-E8FA28D4AA3E}.Debug|x64.Build.0 = Debug|x64
		{82AC70FC-4CB6-4FF4-9CEA-E8FA28D4AA3E}.Release|Any CPU.ActiveCfg = Release|x64
		{82AC70FC-4CB6-4FF4-9CEA-E8FA28D4AA3E}.Release|Mixed Platforms.ActiveCfg = Release|x64
		{82AC70FC-4CB6-4FF4-9CEA-E8FA28D4AA3E}.Release|Mixed Platforms.Build.0 = Release|x64
		{82AC70FC-4CB6-4FF4-9CEA-E8FA28D4AA3E}.Release|Win32.ActiveCfg = Release|x64
		{82AC70FC-4CB6-4FF4-9CEA-E8FA28D4AA3E}.Release|x64.ActiveCfg = Release|x64
		{82AC70FC-4CB6-4FF4-9CEA-E8FA28D4AA3E}.Release|x64.Build.0 = Release|x64
		{1F4BE282-E7BD-462A-B798-9975C5E3F699}.Debug|Any CPU.ActiveCfg = Debug|x64
		{1F4BE282-E7BD-462A-B798-9975C5E3F699}.Debug|Mixed Platforms.ActiveCfg = Debug|x64
		{1F4BE282-E7BD-462A-B798-9975C5E3F699}.Debug|Mixed Platforms.Build.0 = Debug|x64
		{1F4BE282-E7BD-462A-B798-9975C5E3F699}.Debug|Win32.ActiveCfg = Debug|x64
		{1F4BE282-E7BD-462A-B798-9975C5E3F699}.Debug|x64.ActiveCfg = Debug|x64
		{1F4BE282-E7BD-462A-B798-9975C5E3F699}.Debug|x64.Build.0 = Debug|x64
		{1F4BE282-E7BD-462A-B798-9975C5E3F699}.Debug|x64.Deploy.0 = Debug|x64
		{1F4BE282-E7BD-462A-B798-9975C5E3F699}.Release|Any CPU.ActiveCfg = Release|x64
		{1F4BE282-E7BD-462A-B798-9975C5E3F699}.Release|Mixed Platforms.ActiveCfg = Release|x64
		{1F4BE282-E7BD-462A-B798-9975C5E3F699}.Release|Mixed Platforms.Build.0 = Release|x64
		{1F4BE282-E7BD-462A-B798-9975C5E3F699}.Release|Win32.ActiveCfg = Release|x64
		{1F4BE282-E7BD-462A-B798-9975C5E3F699}.Release|x64.ActiveCfg = Release|x64
		{1F4BE282-E7BD-462A-B798-9975C5E3F699}.Release|x64.Build.0 = Release|x64
		{C22874BD-ABA3-4E5E-86D6-31F98520B557}.Debug|Any CPU.ActiveCfg = Debug|x64
		{C22874BD-ABA3-4E5E-86D6-31F98520B557}.Debug|Mixed Platforms.ActiveCfg = Debug|x64
		{C22874BD-ABA3-4E5E-86D6-31F98520B557}.Debug|Mixed Platforms.Build.0 = Debug|x64
		{C22874BD-ABA3-4E5E-86D6-31F98520B557}.Debug|Win32.ActiveCfg = Debug|x64
		{C22874BD-ABA3-4E5E-86D6-31F98520B557}.Debug|x64.ActiveCfg = Debug|x64
		{C22874BD-ABA3-4E5E-86D6-31F98520B557}.Debug|x64.Build.0 = Debug|x64
		{C22874BD-ABA3-4E5E-86D6-31F98520B557}.Release|Any CPU.ActiveCfg = Release|x64
		{C22874BD-ABA3-4E5E-86D6-31F98520B557}.Release|Mixed Platforms.ActiveCfg = Release|x64
		{C22874BD-ABA3-4E5E-86D6-31F98520B557}.Release|Mixed Platforms.Build.0 = Release|x64
		{C22874BD-ABA3-4E5E-86D6-31F98520B557}.Release|Win32.ActiveCfg = Release|x64
		{C22874BD-ABA3-4E5E-86D6-31F98520B557}.Release|x64.ActiveCfg = Release|x64
		{C22874BD-ABA3-4E5E-86D6-31F98520B557}.Release|x64.Build.0 = Release|x64
		{ED053B6A-E1C9-4781-93AE-633837016D00}.Debug|Any CPU.ActiveCfg = Debug|x64
		{ED053B6A-E1C9-4781-93AE-633837016D00}.Debug|Mixed Platforms.ActiveCfg = Debug|x64
		{ED053B6A-E1C9-4781-93AE-633837016D00}.Debug|Mixed Platforms.Build.0 = Debug|x64
		{ED053B6A-E1C9-4781-93AE-633837016D00}.Debug|Win32.ActiveCfg = Debug|x64
		{ED053B6A-E1C9-4781-93AE-633837016D00}.Debug|x64.ActiveCfg = Debug|x64
		{ED053B6A-E1C9-4781-93AE-633837016D00}.Debug|x64.Build.0 = Debug|x64
		{ED053B6A-E1C9-4781-93AE-633837016D00}.Release|Any CPU.ActiveCfg = Release|x64
		{ED053B6A-E1C9-4781-93AE-633837016D00}.Release|Mixed Platforms.ActiveCfg = Release|x64
		{ED053B6A-E1C9-4781-93AE-633837016D00}.Release|Mixed Platforms.Build.0 = Release|x64
		{ED053B6A-E1C9-4781-93AE-633837016D00}.Release|Win32.ActiveCfg = Release|x64
		{ED053B6A-E1C9-4781-93AE-633837016D00}.Release|x64.ActiveCfg = Release|x64
		{ED053B6A-E1C9-4781-93AE-633837016D00}.Release|x64.Build.0 = Release|x64
		{8035CBAD-5A7C-46F2-939A-172018577A27}.Debug|Any CPU.ActiveCfg = Debug|x64
		{8035CBAD-5A7C-46F2-939A-172018577A27}.Debug|Mixed Platforms.ActiveCfg = Debug|x64
		{8035CBAD-5A7C-46F2-939A-172018577A27}.Debug|Mixed Platforms.Build.0 = Debug|x64
		{8035CBAD-5A7C-46F2-939A-172018577A27}.Debug|Win32.ActiveCfg = Debug|x64
		{8035CBAD-5A7C-46F2-939A-172018577A27}.Debug|x64.ActiveCfg = Debug|x64
		{8035CBAD-5A7C-46F2-939A-172018577A27}.Debug|x64.Build.0 = Debug|x64
		{8035CBAD-5A7C-46F2-939A-172018577A27}.Release|Any CPU.ActiveCfg = Release|x64
		{8035CBAD-5A7C-46F2-939A-172018577A27}.Release|Mixed Platforms.ActiveCfg = Release|x64
		{8035CBAD-5A7C-46F2-939A-172018577A27}.Release|Mixed Platforms.Build.0 = Release|x64
		{8035CBAD-5A7C-46F2-939A-172018577A27}.Release|Win32.ActiveCfg = Release|x64
		{8035CBAD-5A7C-46F2-939A-172018577A27}.Release|x64.ActiveCfg = Release|x64
		{8035CBAD-5A7C-46F2-939A-172018577A27}.Release|x64.Build.0 = Release|x64
		{74EE4312-D17B-475E-ABA7-CB2C8C129999}.Debug|Any CPU.ActiveCfg = Debug|x64
		{74EE4312-D17B-475E-ABA7-CB2C8C129999}.Debug|Mixed Platforms.ActiveCfg = Debug|x64
		{74EE4312-D17B-475E-ABA7-CB2C8C129999}.Debug|Mixed Platforms.Build.0 = Debug|x64
		{74EE4312-D17B-475E-ABA7-CB2C8C129999}.Debug|Win32.ActiveCfg = Debug|x64
		{74EE4312-D17B-475E-ABA7-CB2C8C129999}.Debug|x64.ActiveCfg = Debug|x64
		{74EE4312-D17B-475E-ABA7-CB2C8C129999}.Debug|x64.Build.0 = Debug|x64
		{74EE4312-D17B-475E-ABA7-CB2C8C129999}.Release|Any CPU.ActiveCfg = Release|x64
		{74EE4312-D17B-475E-ABA7-CB2C8C129999}.Release|Mixed Platforms.ActiveCfg = Release|x64
		{74EE4312-D17B-475E-ABA7-CB2C8C129999}.Release|Mixed Platforms.Build.0 = Release|x64
		{74EE4312-D17B-475E-ABA7-CB2C8C129999}.Release|Win32.ActiveCfg = Release|x64
		{74EE4312-D17B-475E-ABA7-CB2C8C129999}.Release|x64.ActiveCfg = Release|x64
		{74EE4312-D17B-475E-ABA7-CB2C8C129999}.Release|x64.Build.0 = Release|x64
		{FD9F180B-99CE-7B2F-62DD-6B5282874786}.Debug|Any CPU.ActiveCfg = Debug|x64
		{FD9F180B-99CE-7B2F-62DD-6B5282874786}.Debug|Mixed Platforms.ActiveCfg = Debug|x64
		{FD9F180B-99CE-7B2F-62DD-6B5282874786}.Debug|Mixed Platforms.Build.0 = Debug|x64
		{FD9F180B-99CE-7B2F-62DD-6B5282874786}.Debug|Win32.ActiveCfg = Debug|x64
		{FD9F180B-99CE-7B2F-62DD-6B5282874786}.Debug|x64.ActiveCfg = Debug|x64
		{FD9F180B-99CE-7B2F-62DD-6B5282874786}.Debug|x64.Build.0 = Debug|x64
		{FD9F180B-99CE-7B2F-62DD-6B5282874786}.Release|Any CPU.ActiveCfg = Release|x64
		{FD9F180B-99CE-7B2F-62DD-6B5282874786}.Release|Mixed Platforms.ActiveCfg = Release|x64
		{FD9F180B-99CE-7B2F-62DD-6B5282874786}.Release|Mixed Platforms.Build.0 = Release|x64
		{FD9F180B-99CE-7B2F-62DD-6B5282874786}.Release|Win32.ActiveCfg = Release|x64
		{FD9F180B-99CE-7B2F-62DD-6B5282874786}.Release|x64.ActiveCfg = Release|x64
		{FD9F180B-99CE-7B2F-62DD-6B5282874786}.Release|x64.Build.0 = Release|x64
	EndGlobalSection
	GlobalSection(SolutionProperties) = preSolution
		HideSolutionNode = FALSE
	EndGlobalSection
EndGlobal
