<?xml version="1.0" encoding="utf-8"?>
<Project ToolsVersion="4.0" xmlns="http://schemas.microsoft.com/developer/msbuild/2003">
  <ItemGroup>
    <Filter Include="MainTests">
      <UniqueIdentifier>{19e07e29-412b-4b70-8593-0ffb06444626}</UniqueIdentifier>
    </Filter>
    <Filter Include="MainTests\Math">
      <UniqueIdentifier>{eae3459b-affa-4cb9-8180-a4c9a447f7f0}</UniqueIdentifier>
    </Filter>
    <Filter Include="MainTests\Raytracer">
      <UniqueIdentifier>{08372b5b-f37a-49cd-91d7-60c51773bd9b}</UniqueIdentifier>
    </Filter>
    <Filter Include="MainTests\Raytracer\Core">
      <UniqueIdentifier>{a78e7416-903e-407c-ba24-0b6cf47e8989}</UniqueIdentifier>
    </Filter>
    <Filter Include="MainTests\Raytracer\FilmFilters">
      <UniqueIdentifier>{e6db852e-5fa6-4c3c-9642-f35b90cf4b94}</UniqueIdentifier>
    </Filter>
    <Filter Include="MainTests\Raytracer\Samplers">
      <UniqueIdentifier>{cd6c2c49-6ea8-4cb1-80f6-4c44b5f72a96}</UniqueIdentifier>
    </Filter>
    <Filter Include="MainTests\Raytracer\Films">
      <UniqueIdentifier>{fbc76ecb-d122-4417-b576-996620b363f2}</UniqueIdentifier>
    </Filter>
    <Filter Include="MainTests\Raytracer\BxDFs">
      <UniqueIdentifier>{afc54e32-be01-45dd-9b5d-5de4b775f8a6}</UniqueIdentifier>
    </Filter>
    <Filter Include="MainTests\Raytracer\Textures">
      <UniqueIdentifier>{67bb60e0-12ce-4361-859d-ca5466926117}</UniqueIdentifier>
    </Filter>
    <Filter Include="MainTests\Raytracer\Materials">
      <UniqueIdentifier>{aea645fb-6508-4d6c-914e-9c40f9fa4469}</UniqueIdentifier>
    </Filter>
    <Filter Include="MainTests\Raytracer\MicrofacetDistributions">
      <UniqueIdentifier>{a717da50-923f-4d14-a973-8ad7e11c478f}</UniqueIdentifier>
    </Filter>
    <Filter Include="MainTests\Raytracer\LightSources">
      <UniqueIdentifier>{5a967526-8a95-4c97-a54e-a430a142af3a}</UniqueIdentifier>
    </Filter>
    <Filter Include="MainTests\Raytracer\Renderers">
      <UniqueIdentifier>{f25dc0a9-2b4c-4507-9a7e-b68b7e1145b1}</UniqueIdentifier>
    </Filter>
    <Filter Include="MainTests\Raytracer\LightsSamplingStrategies">
      <UniqueIdentifier>{8f7306d7-fc53-4be6-997a-0675b9aaaf20}</UniqueIdentifier>
    </Filter>
    <Filter Include="MainTests\Raytracer\Mappings">
      <UniqueIdentifier>{e9f6ac85-b2f2-4c69-a778-331e2eb1a3cf}</UniqueIdentifier>
    </Filter>
    <Filter Include="MainTests\Raytracer\LTEIntegrators">
      <UniqueIdentifier>{f97488b7-46e9-433b-bf75-181f28a4220b}</UniqueIdentifier>
    </Filter>
    <Filter Include="MainTests\Raytracer\VolumeRegions">
      <UniqueIdentifier>{3e2a5875-ab8b-4ae9-8d95-8f089bdfc522}</UniqueIdentifier>
    </Filter>
    <Filter Include="MainTests\Raytracer\Cameras">
      <UniqueIdentifier>{0a3dc133-84d7-4f65-8ef9-927363148ac3}</UniqueIdentifier>
    </Filter>
    <Filter Include="MainTests\Raytracer\ImageSources">
      <UniqueIdentifier>{b0b7b360-2db7-42d9-9f86-e769ee072699}</UniqueIdentifier>
    </Filter>
    <Filter Include="MainTests\Raytracer\PhaseFunctions">
      <UniqueIdentifier>{fa578643-677d-4698-a9ee-7a71b0b919f7}</UniqueIdentifier>
    </Filter>
    <Filter Include="MainTests\Shapes">
      <UniqueIdentifier>{0d9cefcf-39a6-49fa-88ca-ffc1d3b226db}</UniqueIdentifier>
    </Filter>
    <Filter Include="MainTests\Common">
      <UniqueIdentifier>{9a0b323b-9dcb-416b-8467-3d955a6ddb1d}</UniqueIdentifier>
    </Filter>
    <Filter Include="AutoGeneratedCode">
      <UniqueIdentifier>{a6e16229-e178-452b-b523-19f2826a6303}</UniqueIdentifier>
    </Filter>
    <Filter Include="Mocks">
      <UniqueIdentifier>{c81cc382-7e2f-4e3a-a8a2-9bd440df962a}</UniqueIdentifier>
    </Filter>
    <Filter Include="TestHelpers">
      <UniqueIdentifier>{831aaad1-960f-46bd-9924-4089247203ea}</UniqueIdentifier>
    </Filter>
    <Filter Include="SerializationTests">
      <UniqueIdentifier>{f0fce75f-594b-4b29-98e8-72cb22c54c5f}</UniqueIdentifier>
    </Filter>
    <Filter Include="SerializationTests\Common">
      <UniqueIdentifier>{6e2537ad-4f15-4ac2-b328-e4305f56e64f}</UniqueIdentifier>
    </Filter>
    <Filter Include="SerializationTests\Math">
      <UniqueIdentifier>{ec686d2e-1166-4e08-924d-4007d596d4d4}</UniqueIdentifier>
    </Filter>
    <Filter Include="SerializationTests\Raytracer">
      <UniqueIdentifier>{4df4bc9d-40d4-417a-b57e-26a015286a8d}</UniqueIdentifier>
    </Filter>
    <Filter Include="SerializationTests\Raytracer\FilmFilters">
      <UniqueIdentifier>{63cb0009-c883-4a36-815a-e355bfd4f1ff}</UniqueIdentifier>
    </Filter>
    <Filter Include="SerializationTests\Raytracer\Films">
      <UniqueIdentifier>{e8413ae5-4192-470c-959a-c2b70ef28db1}</UniqueIdentifier>
    </Filter>
    <Filter Include="SerializationTests\Raytracer\Core">
      <UniqueIdentifier>{b264110d-2e7a-43b7-bfaa-f05c5fcde53d}</UniqueIdentifier>
    </Filter>
    <Filter Include="SerializationTests\Raytracer\Cameras">
      <UniqueIdentifier>{4fc0f4b9-786e-43be-ad7e-d8d1284617f0}</UniqueIdentifier>
    </Filter>
    <Filter Include="SerializationTests\Raytracer\Mappings">
      <UniqueIdentifier>{3cb6a2a7-9d1e-4433-86c3-6bdfe0680478}</UniqueIdentifier>
    </Filter>
    <Filter Include="SerializationTests\Raytracer\Textures">
      <UniqueIdentifier>{797e88c8-4436-4332-8e01-5cbdcdb9a81a}</UniqueIdentifier>
    </Filter>
    <Filter Include="SerializationTests\Raytracer\Materials">
      <UniqueIdentifier>{c3049b32-80fb-4206-b299-c46955816fef}</UniqueIdentifier>
    </Filter>
    <Filter Include="SerializationTests\Raytracer\LightSources">
      <UniqueIdentifier>{e3056e7b-c9ec-44f9-8602-f3adbb3e6d25}</UniqueIdentifier>
    </Filter>
    <Filter Include="SerializationTests\Raytracer\VolumeRegions">
      <UniqueIdentifier>{7dbca713-7126-4547-99a0-bb1f35e4567f}</UniqueIdentifier>
    </Filter>
    <Filter Include="SerializationTests\Raytracer\ImageSources">
      <UniqueIdentifier>{f498e2cf-2fb7-430e-82e0-a8c2c9c6bf4e}</UniqueIdentifier>
    </Filter>
    <Filter Include="SerializationTests\Raytracer\BxDFs">
      <UniqueIdentifier>{364d169f-544b-47b6-9079-a016413a2523}</UniqueIdentifier>
    </Filter>
    <Filter Include="SerializationTests\Raytracer\PhaseFunctions">
      <UniqueIdentifier>{5f4287bb-a45d-4f89-b057-06caf2d2d91b}</UniqueIdentifier>
    </Filter>
  </ItemGroup>
  <ItemGroup>
    <CustomBuild Include="Mocks\BxDFMock.h">
      <Filter>Mocks</Filter>
    </CustomBuild>
    <CustomBuild Include="Mocks\CameraMock.h">
      <Filter>Mocks</Filter>
    </CustomBuild>
    <CustomBuild Include="Mocks\FilmFilterMock.h">
      <Filter>Mocks</Filter>
    </CustomBuild>
    <CustomBuild Include="Mocks\FilmMock.h">
      <Filter>Mocks</Filter>
    </CustomBuild>
    <CustomBuild Include="Mocks\InfiniteLightSourceMock.h">
      <Filter>Mocks</Filter>
    </CustomBuild>
    <CustomBuild Include="Mocks\LTEIntegratorMock.h">
      <Filter>Mocks</Filter>
    </CustomBuild>
    <CustomBuild Include="Mocks\MaterialMock.h">
      <Filter>Mocks</Filter>
    </CustomBuild>
    <CustomBuild Include="Mocks\PhaseFunctionMock.h">
      <Filter>Mocks</Filter>
    </CustomBuild>
    <CustomBuild Include="Mocks\SamplerMock.h">
      <Filter>Mocks</Filter>
    </CustomBuild>
    <CustomBuild Include="Mocks\ShapeMock.h">
      <Filter>Mocks</Filter>
    </CustomBuild>
    <CustomBuild Include="Mocks\TextureMock.h">
      <Filter>Mocks</Filter>
    </CustomBuild>
    <CustomBuild Include="Mocks\VolumeRegionMock.h">
      <Filter>Mocks</Filter>
    </CustomBuild>
    <CustomBuild Include="TestHelpers\CustomValueTraits.h">
      <Filter>TestHelpers</Filter>
    </CustomBuild>
    <CustomBuild Include="TestHelpers\SamplingTestHelper.h">
      <Filter>TestHelpers</Filter>
    </CustomBuild>
    <CustomBuild Include="TestHelpers\TriangleMeshTestHelper.h">
      <Filter>TestHelpers</Filter>
    </CustomBuild>
  </ItemGroup>
  <ItemGroup>
    <CxxTest Include="Runner.test.h" />
    <CxxTest Include="MainTests\Common\Log.test.h">
      <Filter>MainTests\Common</Filter>
    </CxxTest>
    <CxxTest Include="MainTests\Common\MemoryPool.test.h">
      <Filter>MainTests\Common</Filter>
    </CxxTest>
    <CxxTest Include="MainTests\Common\Numerics.test.h">
      <Filter>MainTests\Common</Filter>
    </CxxTest>
    <CxxTest Include="MainTests\Math\BBox3D.test.h">
      <Filter>MainTests\Math</Filter>
    </CxxTest>
    <CxxTest Include="MainTests\Math\BlockedArray.test.h">
      <Filter>MainTests\Math</Filter>
    </CxxTest>
    <CxxTest Include="MainTests\Math\CompressedDirection.test.h">
      <Filter>MainTests\Math</Filter>
    </CxxTest>
    <CxxTest Include="MainTests\Math\MathRoutines.test.h">
      <Filter>MainTests\Math</Filter>
    </CxxTest>
    <CxxTest Include="MainTests\Math\Matrix3x3.test.h">
      <Filter>MainTests\Math</Filter>
    </CxxTest>
    <CxxTest Include="MainTests\Math\Matrix4x4.test.h">
      <Filter>MainTests\Math</Filter>
    </CxxTest>
    <CxxTest Include="MainTests\Math\Point2D.test.h">
      <Filter>MainTests\Math</Filter>
    </CxxTest>
    <CxxTest Include="MainTests\Math\Point3D.test.h">
      <Filter>MainTests\Math</Filter>
    </CxxTest>
    <CxxTest Include="MainTests\Math\RandomGenerator.test.h">
      <Filter>MainTests\Math</Filter>
    </CxxTest>
    <CxxTest Include="MainTests\Math\Ray.test.h">
      <Filter>MainTests\Math</Filter>
    </CxxTest>
    <CxxTest Include="MainTests\Math\SamplingRoutines.test.h">
      <Filter>MainTests\Math</Filter>
    </CxxTest>
    <CxxTest Include="MainTests\Math\ThreadSafeRandom.Test.h">
      <Filter>MainTests\Math</Filter>
    </CxxTest>
    <CxxTest Include="MainTests\Math\Transform.test.h">
      <Filter>MainTests\Math</Filter>
    </CxxTest>
    <CxxTest Include="MainTests\Math\Triangle3D.test.h">
      <Filter>MainTests\Math</Filter>
    </CxxTest>
    <CxxTest Include="MainTests\Math\Vector2D.test.h">
      <Filter>MainTests\Math</Filter>
    </CxxTest>
    <CxxTest Include="MainTests\Math\Vector3D.test.h">
      <Filter>MainTests\Math</Filter>
    </CxxTest>
    <CxxTest Include="MainTests\Raytracer\BxDFs\FresnelBlend.test.h">
      <Filter>MainTests\Raytracer\BxDFs</Filter>
    </CxxTest>
    <CxxTest Include="MainTests\Raytracer\BxDFs\Lambertian.test.h">
      <Filter>MainTests\Raytracer\BxDFs</Filter>
    </CxxTest>
    <CxxTest Include="MainTests\Raytracer\BxDFs\MERLMeasured.test.h">
      <Filter>MainTests\Raytracer\BxDFs</Filter>
    </CxxTest>
    <CxxTest Include="MainTests\Raytracer\BxDFs\Microfacet.test.h">
      <Filter>MainTests\Raytracer\BxDFs</Filter>
    </CxxTest>
    <CxxTest Include="MainTests\Raytracer\BxDFs\OrenNayar.test.h">
      <Filter>MainTests\Raytracer\BxDFs</Filter>
    </CxxTest>
    <CxxTest Include="MainTests\Raytracer\BxDFs\ScaledBxDF.test.h">
      <Filter>MainTests\Raytracer\BxDFs</Filter>
    </CxxTest>
    <CxxTest Include="MainTests\Raytracer\BxDFs\SpecularReflection.test.h">
      <Filter>MainTests\Raytracer\BxDFs</Filter>
    </CxxTest>
    <CxxTest Include="MainTests\Raytracer\BxDFs\SpecularTransmission.test.h">
      <Filter>MainTests\Raytracer\BxDFs</Filter>
    </CxxTest>
    <CxxTest Include="MainTests\Raytracer\Cameras\PerspectiveCamera.test.h">
      <Filter>MainTests\Raytracer\Cameras</Filter>
    </CxxTest>
    <CxxTest Include="MainTests\Raytracer\Core\BSDF.test.h">
      <Filter>MainTests\Raytracer\Core</Filter>
    </CxxTest>
    <CxxTest Include="MainTests\Raytracer\Core\BxDF.test.h">
      <Filter>MainTests\Raytracer\Core</Filter>
    </CxxTest>
    <CxxTest Include="MainTests\Raytracer\Core\Camera.test.h">
      <Filter>MainTests\Raytracer\Core</Filter>
    </CxxTest>
    <CxxTest Include="MainTests\Raytracer\Core\Color.test.h">
      <Filter>MainTests\Raytracer\Core</Filter>
    </CxxTest>
    <CxxTest Include="MainTests\Raytracer\Core\CoreUtils.test.h">
      <Filter>MainTests\Raytracer\Core</Filter>
    </CxxTest>
    <CxxTest Include="MainTests\Raytracer\Core\DirectLightingIntegrator.test.h">
      <Filter>MainTests\Raytracer\Core</Filter>
    </CxxTest>
    <CxxTest Include="MainTests\Raytracer\Core\Film.test.h">
      <Filter>MainTests\Raytracer\Core</Filter>
    </CxxTest>
    <CxxTest Include="MainTests\Raytracer\Core\FilmFilter.test.h">
      <Filter>MainTests\Raytracer\Core</Filter>
    </CxxTest>
    <CxxTest Include="MainTests\Raytracer\Core\Fresnel.test.h">
      <Filter>MainTests\Raytracer\Core</Filter>
    </CxxTest>
    <CxxTest Include="MainTests\Raytracer\Core\KDTree.test.h">
      <Filter>MainTests\Raytracer\Core</Filter>
    </CxxTest>
    <CxxTest Include="MainTests\Raytracer\Core\LTEIntegrator.test.h">
      <Filter>MainTests\Raytracer\Core</Filter>
    </CxxTest>
    <CxxTest Include="MainTests\Raytracer\Core\MIPMap.test.h">
      <Filter>MainTests\Raytracer\Core</Filter>
    </CxxTest>
    <CxxTest Include="MainTests\Raytracer\Core\Primitive.test.h">
      <Filter>MainTests\Raytracer\Core</Filter>
    </CxxTest>
    <CxxTest Include="MainTests\Raytracer\Core\Sample.test.h">
      <Filter>MainTests\Raytracer\Core</Filter>
    </CxxTest>
    <CxxTest Include="MainTests\Raytracer\Core\Sampler.test.h">
      <Filter>MainTests\Raytracer\Core</Filter>
    </CxxTest>
    <CxxTest Include="MainTests\Raytracer\Core\Scene.test.h">
      <Filter>MainTests\Raytracer\Core</Filter>
    </CxxTest>
    <CxxTest Include="MainTests\Raytracer\Core\Spectrum.test.h">
      <Filter>MainTests\Raytracer\Core</Filter>
    </CxxTest>
    <CxxTest Include="MainTests\Raytracer\Core\SpectrumCoef.test.h">
      <Filter>MainTests\Raytracer\Core</Filter>
    </CxxTest>
    <CxxTest Include="MainTests\Raytracer\Core\SpectrumRoutines.test.h">
      <Filter>MainTests\Raytracer\Core</Filter>
    </CxxTest>
    <CxxTest Include="MainTests\Raytracer\Core\TriangleAccelerator.test.h">
      <Filter>MainTests\Raytracer\Core</Filter>
    </CxxTest>
    <CxxTest Include="MainTests\Raytracer\Core\TriangleMesh.test.h">
      <Filter>MainTests\Raytracer\Core</Filter>
    </CxxTest>
    <CxxTest Include="MainTests\Raytracer\FilmFilters\BoxFilter.test.h">
      <Filter>MainTests\Raytracer\FilmFilters</Filter>
    </CxxTest>
    <CxxTest Include="MainTests\Raytracer\FilmFilters\MitchellFilter.test.h">
      <Filter>MainTests\Raytracer\FilmFilters</Filter>
    </CxxTest>
    <CxxTest Include="MainTests\Raytracer\Films\ImageFilm.test.h">
      <Filter>MainTests\Raytracer\Films</Filter>
    </CxxTest>
    <CxxTest Include="MainTests\Raytracer\Films\InteractiveFilm.test.h">
      <Filter>MainTests\Raytracer\Films</Filter>
    </CxxTest>
    <CxxTest Include="MainTests\Raytracer\ImageSources\OpenEXRRgbaImageSource.test.h">
      <Filter>MainTests\Raytracer\ImageSources</Filter>
    </CxxTest>
    <CxxTest Include="MainTests\Raytracer\ImageSources\RGBImageSource.test.h">
      <Filter>MainTests\Raytracer\ImageSources</Filter>
    </CxxTest>
    <CxxTest Include="MainTests\Raytracer\LightSources\DiffuseAreaLightSource.test.h">
      <Filter>MainTests\Raytracer\LightSources</Filter>
    </CxxTest>
    <CxxTest Include="MainTests\Raytracer\LightSources\ImageEnvironmentalLight.test.h">
      <Filter>MainTests\Raytracer\LightSources</Filter>
    </CxxTest>
    <CxxTest Include="MainTests\Raytracer\LightSources\ParallelLight.test.h">
      <Filter>MainTests\Raytracer\LightSources</Filter>
    </CxxTest>
    <CxxTest Include="MainTests\Raytracer\LightSources\PointLight.test.h">
      <Filter>MainTests\Raytracer\LightSources</Filter>
    </CxxTest>
    <CxxTest Include="MainTests\Raytracer\LightSources\SpotPointLight.test.h">
      <Filter>MainTests\Raytracer\LightSources</Filter>
    </CxxTest>
    <CxxTest Include="MainTests\Raytracer\LightsSamplingStrategies\IrradianceLightsSamplingStrategy.test.h">
      <Filter>MainTests\Raytracer\LightsSamplingStrategies</Filter>
    </CxxTest>
    <CxxTest Include="MainTests\Raytracer\LightsSamplingStrategies\PowerLightsSamplingStrategy.test.h">
      <Filter>MainTests\Raytracer\LightsSamplingStrategies</Filter>
    </CxxTest>
    <CxxTest Include="MainTests\Raytracer\LTEIntegrators\PhotonLTEIntegrator.test.h">
      <Filter>MainTests\Raytracer\LTEIntegrators</Filter>
    </CxxTest>
    <CxxTest Include="MainTests\Raytracer\Mappings\SphericalMapping2D.test.h">
      <Filter>MainTests\Raytracer\Mappings</Filter>
    </CxxTest>
    <CxxTest Include="MainTests\Raytracer\Mappings\TransformMapping3D.test.h">
      <Filter>MainTests\Raytracer\Mappings</Filter>
    </CxxTest>
    <CxxTest Include="MainTests\Raytracer\Mappings\UVMapping2D.test.h">
      <Filter>MainTests\Raytracer\Mappings</Filter>
    </CxxTest>
    <CxxTest Include="MainTests\Raytracer\Materials\MatteMaterial.test.h">
      <Filter>MainTests\Raytracer\Materials</Filter>
    </CxxTest>
    <CxxTest Include="MainTests\Raytracer\Materials\MERLMeasuredMaterial.test.h">
      <Filter>MainTests\Raytracer\Materials</Filter>
    </CxxTest>
    <CxxTest Include="MainTests\Raytracer\Materials\MetalMaterial.test.h">
      <Filter>MainTests\Raytracer\Materials</Filter>
    </CxxTest>
    <CxxTest Include="MainTests\Raytracer\Materials\MixMaterial.test.h">
      <Filter>MainTests\Raytracer\Materials</Filter>
    </CxxTest>
    <CxxTest Include="MainTests\Raytracer\Materials\PlasticMaterial.test.h">
      <Filter>MainTests\Raytracer\Materials</Filter>
    </CxxTest>
    <CxxTest Include="MainTests\Raytracer\Materials\SubstrateMaterial.test.h">
      <Filter>MainTests\Raytracer\Materials</Filter>
    </CxxTest>
    <CxxTest Include="MainTests\Raytracer\Materials\TransparentMaterial.test.h">
      <Filter>MainTests\Raytracer\Materials</Filter>
    </CxxTest>
    <CxxTest Include="MainTests\Raytracer\Materials\UberMaterial.test.h">
      <Filter>MainTests\Raytracer\Materials</Filter>
    </CxxTest>
    <CxxTest Include="MainTests\Raytracer\MicrofacetDistributions\AnisotropicDistribution.test.h">
      <Filter>MainTests\Raytracer\MicrofacetDistributions</Filter>
    </CxxTest>
    <CxxTest Include="MainTests\Raytracer\MicrofacetDistributions\BlinnDistribution.test.h">
      <Filter>MainTests\Raytracer\MicrofacetDistributions</Filter>
    </CxxTest>
    <CxxTest Include="MainTests\Raytracer\PhaseFunctions\HGPhaseFunction.test.h">
      <Filter>MainTests\Raytracer\PhaseFunctions</Filter>
    </CxxTest>
    <CxxTest Include="MainTests\Raytracer\Renderers\SamplerBasedRenderer.test.h">
      <Filter>MainTests\Raytracer\Renderers</Filter>
    </CxxTest>
    <CxxTest Include="MainTests\Raytracer\Samplers\ConsecutiveImagePixelsOrder.test.h">
      <Filter>MainTests\Raytracer\Samplers</Filter>
    </CxxTest>
    <CxxTest Include="MainTests\Raytracer\Samplers\LDSampler.test.h">
      <Filter>MainTests\Raytracer\Samplers</Filter>
    </CxxTest>
    <CxxTest Include="MainTests\Raytracer\Samplers\RandomBlockedImagePixelsOrder.test.h">
      <Filter>MainTests\Raytracer\Samplers</Filter>
    </CxxTest>
    <CxxTest Include="MainTests\Raytracer\Samplers\RandomSampler.test.h">
      <Filter>MainTests\Raytracer\Samplers</Filter>
    </CxxTest>
    <CxxTest Include="MainTests\Raytracer\Samplers\StratifiedSampler.test.h">
      <Filter>MainTests\Raytracer\Samplers</Filter>
    </CxxTest>
    <CxxTest Include="MainTests\Raytracer\Samplers\UniformImagePixelsOrder.test.h">
      <Filter>MainTests\Raytracer\Samplers</Filter>
    </CxxTest>
    <CxxTest Include="MainTests\Raytracer\Textures\ConstantTexture.test.h">
      <Filter>MainTests\Raytracer\Textures</Filter>
    </CxxTest>
    <CxxTest Include="MainTests\Raytracer\Textures\ImageTexture.test.h">
      <Filter>MainTests\Raytracer\Textures</Filter>
    </CxxTest>
    <CxxTest Include="MainTests\Raytracer\Textures\ScaleTexture.test.h">
      <Filter>MainTests\Raytracer\Textures</Filter>
    </CxxTest>
    <CxxTest Include="MainTests\Raytracer\VolumeRegions\AggregateVolumeRegion.test.h">
      <Filter>MainTests\Raytracer\VolumeRegions</Filter>
    </CxxTest>
    <CxxTest Include="MainTests\Raytracer\VolumeRegions\GridDensityVolumeRegion.test.h">
      <Filter>MainTests\Raytracer\VolumeRegions</Filter>
    </CxxTest>
    <CxxTest Include="MainTests\Raytracer\VolumeRegions\HomogeneousVolumeRegion.test.h">
      <Filter>MainTests\Raytracer\VolumeRegions</Filter>
    </CxxTest>
    <CxxTest Include="MainTests\Shapes\Sphere.test.h">
      <Filter>MainTests\Shapes</Filter>
    </CxxTest>
    <CxxTest Include="MainTests\Shapes\Cylinder.test.h">
      <Filter>MainTests\Shapes</Filter>
    </CxxTest>
    <CxxTest Include="MainTests\Shapes\Disk.test.h">
      <Filter>MainTests\Shapes</Filter>
    </CxxTest>
    <CxxTest Include="SerializationTests\Raytracer\VolumeRegions\HomogeneousVolumeRegion.Serialization.test.h">
      <Filter>SerializationTests\Raytracer\VolumeRegions</Filter>
    </CxxTest>
    <CxxTest Include="SerializationTests\Common\IntrusiveSmartPointer.Serialization.test.h">
      <Filter>SerializationTests\Common</Filter>
    </CxxTest>
    <CxxTest Include="SerializationTests\Math\BBox3D.Serialization.test.h">
      <Filter>SerializationTests\Math</Filter>
    </CxxTest>
    <CxxTest Include="SerializationTests\Math\BlockedArray.Serialization.test.h">
      <Filter>SerializationTests\Math</Filter>
    </CxxTest>
    <CxxTest Include="SerializationTests\Math\CompressedDirection.Serialization.test.h">
      <Filter>SerializationTests\Math</Filter>
    </CxxTest>
    <CxxTest Include="SerializationTests\Math\Matrix3x3.Serialization.test.h">
      <Filter>SerializationTests\Math</Filter>
    </CxxTest>
    <CxxTest Include="SerializationTests\Math\Matrix4x4.Serialization.test.h">
      <Filter>SerializationTests\Math</Filter>
    </CxxTest>
    <CxxTest Include="SerializationTests\Math\Point2D.Serialization.test.h">
      <Filter>SerializationTests\Math</Filter>
    </CxxTest>
    <CxxTest Include="SerializationTests\Math\Point3D.Serialization.test.h">
      <Filter>SerializationTests\Math</Filter>
    </CxxTest>
    <CxxTest Include="SerializationTests\Math\Ray.Serialization.test.h">
      <Filter>SerializationTests\Math</Filter>
    </CxxTest>
    <CxxTest Include="SerializationTests\Math\Transform.Serialization.test.h">
      <Filter>SerializationTests\Math</Filter>
    </CxxTest>
    <CxxTest Include="SerializationTests\Math\Triangle3D.Serialization.test.h">
      <Filter>SerializationTests\Math</Filter>
    </CxxTest>
    <CxxTest Include="SerializationTests\Math\Vector2D.Serialization.test.h">
      <Filter>SerializationTests\Math</Filter>
    </CxxTest>
    <CxxTest Include="SerializationTests\Math\Vector3D.Serialization.test.h">
      <Filter>SerializationTests\Math</Filter>
    </CxxTest>
    <CxxTest Include="SerializationTests\Raytracer\BxDFs\MERLMeasuredData.Serialization.test.h">
      <Filter>SerializationTests\Raytracer\BxDFs</Filter>
    </CxxTest>
    <CxxTest Include="SerializationTests\Raytracer\Cameras\PerspectiveCamera.Serialization.test.h">
      <Filter>SerializationTests\Raytracer\Cameras</Filter>
    </CxxTest>
    <CxxTest Include="SerializationTests\Raytracer\Core\Color.Serialization.test.h">
      <Filter>SerializationTests\Raytracer\Core</Filter>
    </CxxTest>
    <CxxTest Include="SerializationTests\Raytracer\Core\MIPMap.Serialization.test.h">
      <Filter>SerializationTests\Raytracer\Core</Filter>
    </CxxTest>
    <CxxTest Include="SerializationTests\Raytracer\Core\Primitive.Serialization.test.h">
      <Filter>SerializationTests\Raytracer\Core</Filter>
    </CxxTest>
    <CxxTest Include="SerializationTests\Raytracer\Core\Scene.Serialization.test.h">
      <Filter>SerializationTests\Raytracer\Core</Filter>
    </CxxTest>
    <CxxTest Include="SerializationTests\Raytracer\Core\Spectrum.Serialization.test.h">
      <Filter>SerializationTests\Raytracer\Core</Filter>
    </CxxTest>
    <CxxTest Include="SerializationTests\Raytracer\Core\SpectrumCoef.Serialization.test.h">
      <Filter>SerializationTests\Raytracer\Core</Filter>
    </CxxTest>
    <CxxTest Include="SerializationTests\Raytracer\Core\TriangleMesh.Serialization.test.h">
      <Filter>SerializationTests\Raytracer\Core</Filter>
    </CxxTest>
    <CxxTest Include="SerializationTests\Raytracer\FilmFilters\BoxFilter.Serialization.test.h">
      <Filter>SerializationTests\Raytracer\FilmFilters</Filter>
    </CxxTest>
    <CxxTest Include="SerializationTests\Raytracer\FilmFilters\MitchellFilter.Serialization.test.h">
      <Filter>SerializationTests\Raytracer\FilmFilters</Filter>
    </CxxTest>
    <CxxTest Include="SerializationTests\Raytracer\Films\ImageFilm.Serialization.test.h">
      <Filter>SerializationTests\Raytracer\Films</Filter>
    </CxxTest>
    <CxxTest Include="SerializationTests\Raytracer\Films\InteractiveFilm.Serialization.test.h">
      <Filter>SerializationTests\Raytracer\Films</Filter>
    </CxxTest>
    <CxxTest Include="SerializationTests\Raytracer\ImageSources\OpenEXRRgbaImageSource.Serialization.test.h">
      <Filter>SerializationTests\Raytracer\ImageSources</Filter>
    </CxxTest>
    <CxxTest Include="SerializationTests\Raytracer\ImageSources\RGBImageSource.Serialization.test.h">
      <Filter>SerializationTests\Raytracer\ImageSources</Filter>
    </CxxTest>
    <CxxTest Include="SerializationTests\Raytracer\LightSources\DiffuseAreaLightSource.Serialization.test.h">
      <Filter>SerializationTests\Raytracer\LightSources</Filter>
    </CxxTest>
    <CxxTest Include="SerializationTests\Raytracer\LightSources\ImageEnvironmentalLight.Serialization.test.h">
      <Filter>SerializationTests\Raytracer\LightSources</Filter>
    </CxxTest>
    <CxxTest Include="SerializationTests\Raytracer\LightSources\ParallelLight.Serialization.test.h">
      <Filter>SerializationTests\Raytracer\LightSources</Filter>
    </CxxTest>
    <CxxTest Include="SerializationTests\Raytracer\LightSources\PointLight.Serialization.test.h">
      <Filter>SerializationTests\Raytracer\LightSources</Filter>
    </CxxTest>
    <CxxTest Include="SerializationTests\Raytracer\LightSources\SpotPointLight.Serialization.test.h">
      <Filter>SerializationTests\Raytracer\LightSources</Filter>
    </CxxTest>
    <CxxTest Include="SerializationTests\Raytracer\Mappings\SphericalMapping2D.Serialization.test.h">
      <Filter>SerializationTests\Raytracer\Mappings</Filter>
    </CxxTest>
    <CxxTest Include="SerializationTests\Raytracer\Mappings\TransformMapping3D.Serialization.test.h">
      <Filter>SerializationTests\Raytracer\Mappings</Filter>
    </CxxTest>
    <CxxTest Include="SerializationTests\Raytracer\Mappings\UVMapping2D.Serialization.test.h">
      <Filter>SerializationTests\Raytracer\Mappings</Filter>
    </CxxTest>
    <CxxTest Include="SerializationTests\Raytracer\Materials\MatteMaterial.Serialization.test.h">
      <Filter>SerializationTests\Raytracer\Materials</Filter>
    </CxxTest>
    <CxxTest Include="SerializationTests\Raytracer\Materials\MERLMeasuredMaterial.Serialization.test.h">
      <Filter>SerializationTests\Raytracer\Materials</Filter>
    </CxxTest>
    <CxxTest Include="SerializationTests\Raytracer\Materials\MetalMaterial.Serialization.test.h">
      <Filter>SerializationTests\Raytracer\Materials</Filter>
    </CxxTest>
    <CxxTest Include="SerializationTests\Raytracer\Materials\MixMaterial.Serialization.test.h">
      <Filter>SerializationTests\Raytracer\Materials</Filter>
    </CxxTest>
    <CxxTest Include="SerializationTests\Raytracer\Materials\PlasticMaterial.Serialization.test.h">
      <Filter>SerializationTests\Raytracer\Materials</Filter>
    </CxxTest>
    <CxxTest Include="SerializationTests\Raytracer\Materials\SubstrateMaterial.Serialization.test.h">
      <Filter>SerializationTests\Raytracer\Materials</Filter>
    </CxxTest>
    <CxxTest Include="SerializationTests\Raytracer\Materials\TransparentMaterial.Serialization.test.h">
      <Filter>SerializationTests\Raytracer\Materials</Filter>
    </CxxTest>
    <CxxTest Include="SerializationTests\Raytracer\Materials\UberMaterial.Serialization.test.h">
      <Filter>SerializationTests\Raytracer\Materials</Filter>
    </CxxTest>
    <CxxTest Include="SerializationTests\Raytracer\PhaseFunctions\HGPhaseFunction.Serialization.test.h">
      <Filter>SerializationTests\Raytracer\PhaseFunctions</Filter>
    </CxxTest>
    <CxxTest Include="SerializationTests\Raytracer\Textures\ConstantTexture.Serialization.test.h">
      <Filter>SerializationTests\Raytracer\Textures</Filter>
    </CxxTest>
    <CxxTest Include="SerializationTests\Raytracer\Textures\ImageTexture.Serialization.test.h">
      <Filter>SerializationTests\Raytracer\Textures</Filter>
    </CxxTest>
    <CxxTest Include="SerializationTests\Raytracer\Textures\ScaleTexture.Serialization.test.h">
      <Filter>SerializationTests\Raytracer\Textures</Filter>
    </CxxTest>
    <CxxTest Include="SerializationTests\Raytracer\VolumeRegions\AggregateVolumeRegion.Serialization.test.h">
      <Filter>SerializationTests\Raytracer\VolumeRegions</Filter>
    </CxxTest>
    <CxxTest Include="SerializationTests\Raytracer\VolumeRegions\GridDensityVolumeRegion.Serialization.test.h">
      <Filter>SerializationTests\Raytracer\VolumeRegions</Filter>
    </CxxTest>
  </ItemGroup>
  <ItemGroup>
    <ClCompile Include="Runner.test.cpp">
      <Filter>AutoGeneratedCode</Filter>
    </ClCompile>
    <ClCompile Include="AggregateVolumeRegion.Serialization.test.cpp">
      <Filter>AutoGeneratedCode</Filter>
    </ClCompile>
    <ClCompile Include="AggregateVolumeRegion.test.cpp">
      <Filter>AutoGeneratedCode</Filter>
    </ClCompile>
    <ClCompile Include="AnisotropicDistribution.test.cpp">
      <Filter>AutoGeneratedCode</Filter>
    </ClCompile>
    <ClCompile Include="BBox3D.Serialization.test.cpp">
      <Filter>AutoGeneratedCode</Filter>
    </ClCompile>
    <ClCompile Include="BBox3D.test.cpp">
      <Filter>AutoGeneratedCode</Filter>
    </ClCompile>
    <ClCompile Include="BlinnDistribution.test.cpp">
      <Filter>AutoGeneratedCode</Filter>
    </ClCompile>
    <ClCompile Include="BlockedArray.Serialization.test.cpp">
      <Filter>AutoGeneratedCode</Filter>
    </ClCompile>
    <ClCompile Include="BlockedArray.test.cpp">
      <Filter>AutoGeneratedCode</Filter>
    </ClCompile>
    <ClCompile Include="BoxFilter.Serialization.test.cpp">
      <Filter>AutoGeneratedCode</Filter>
    </ClCompile>
    <ClCompile Include="BoxFilter.test.cpp">
      <Filter>AutoGeneratedCode</Filter>
    </ClCompile>
    <ClCompile Include="BSDF.test.cpp">
      <Filter>AutoGeneratedCode</Filter>
    </ClCompile>
    <ClCompile Include="BxDF.test.cpp">
      <Filter>AutoGeneratedCode</Filter>
    </ClCompile>
    <ClCompile Include="Camera.test.cpp">
      <Filter>AutoGeneratedCode</Filter>
    </ClCompile>
    <ClCompile Include="Color.Serialization.test.cpp">
      <Filter>AutoGeneratedCode</Filter>
    </ClCompile>
    <ClCompile Include="Color.test.cpp">
      <Filter>AutoGeneratedCode</Filter>
    </ClCompile>
    <ClCompile Include="CompressedDirection.Serialization.test.cpp">
      <Filter>AutoGeneratedCode</Filter>
    </ClCompile>
    <ClCompile Include="CompressedDirection.test.cpp">
      <Filter>AutoGeneratedCode</Filter>
    </ClCompile>
    <ClCompile Include="ConsecutiveImagePixelsOrder.test.cpp">
      <Filter>AutoGeneratedCode</Filter>
    </ClCompile>
    <ClCompile Include="ConstantTexture.Serialization.test.cpp">
      <Filter>AutoGeneratedCode</Filter>
    </ClCompile>
    <ClCompile Include="ConstantTexture.test.cpp">
      <Filter>AutoGeneratedCode</Filter>
    </ClCompile>
    <ClCompile Include="CoreUtils.test.cpp">
      <Filter>AutoGeneratedCode</Filter>
    </ClCompile>
    <ClCompile Include="Cylinder.test.cpp">
      <Filter>AutoGeneratedCode</Filter>
    </ClCompile>
    <ClCompile Include="DiffuseAreaLightSource.Serialization.test.cpp">
      <Filter>AutoGeneratedCode</Filter>
    </ClCompile>
    <ClCompile Include="DiffuseAreaLightSource.test.cpp">
      <Filter>AutoGeneratedCode</Filter>
    </ClCompile>
    <ClCompile Include="DirectLightingIntegrator.test.cpp">
      <Filter>AutoGeneratedCode</Filter>
    </ClCompile>
    <ClCompile Include="Disk.test.cpp">
      <Filter>AutoGeneratedCode</Filter>
    </ClCompile>
    <ClCompile Include="Film.test.cpp">
      <Filter>AutoGeneratedCode</Filter>
    </ClCompile>
    <ClCompile Include="FilmFilter.test.cpp">
      <Filter>AutoGeneratedCode</Filter>
    </ClCompile>
    <ClCompile Include="Fresnel.test.cpp">
      <Filter>AutoGeneratedCode</Filter>
    </ClCompile>
    <ClCompile Include="FresnelBlend.test.cpp">
      <Filter>AutoGeneratedCode</Filter>
    </ClCompile>
    <ClCompile Include="GridDensityVolumeRegion.Serialization.test.cpp">
      <Filter>AutoGeneratedCode</Filter>
    </ClCompile>
    <ClCompile Include="GridDensityVolumeRegion.test.cpp">
      <Filter>AutoGeneratedCode</Filter>
    </ClCompile>
    <ClCompile Include="HGPhaseFunction.Serialization.test.cpp">
      <Filter>AutoGeneratedCode</Filter>
    </ClCompile>
    <ClCompile Include="HGPhaseFunction.test.cpp">
      <Filter>AutoGeneratedCode</Filter>
    </ClCompile>
    <ClCompile Include="HomogeneousVolumeRegion.Serialization.test.cpp">
      <Filter>AutoGeneratedCode</Filter>
    </ClCompile>
    <ClCompile Include="HomogeneousVolumeRegion.test.cpp">
      <Filter>AutoGeneratedCode</Filter>
    </ClCompile>
    <ClCompile Include="ImageEnvironmentalLight.Serialization.test.cpp">
      <Filter>AutoGeneratedCode</Filter>
    </ClCompile>
    <ClCompile Include="ImageEnvironmentalLight.test.cpp">
      <Filter>AutoGeneratedCode</Filter>
    </ClCompile>
    <ClCompile Include="ImageFilm.Serialization.test.cpp">
      <Filter>AutoGeneratedCode</Filter>
    </ClCompile>
    <ClCompile Include="ImageFilm.test.cpp">
      <Filter>AutoGeneratedCode</Filter>
    </ClCompile>
    <ClCompile Include="ImageTexture.Serialization.test.cpp">
      <Filter>AutoGeneratedCode</Filter>
    </ClCompile>
    <ClCompile Include="ImageTexture.test.cpp">
      <Filter>AutoGeneratedCode</Filter>
    </ClCompile>
    <ClCompile Include="InteractiveFilm.Serialization.test.cpp">
      <Filter>AutoGeneratedCode</Filter>
    </ClCompile>
    <ClCompile Include="InteractiveFilm.test.cpp">
      <Filter>AutoGeneratedCode</Filter>
    </ClCompile>
    <ClCompile Include="IntrusiveSmartPointer.Serialization.test.cpp">
      <Filter>AutoGeneratedCode</Filter>
    </ClCompile>
    <ClCompile Include="IrradianceLightsSamplingStrategy.test.cpp">
      <Filter>AutoGeneratedCode</Filter>
    </ClCompile>
    <ClCompile Include="KDTree.test.cpp">
      <Filter>AutoGeneratedCode</Filter>
    </ClCompile>
    <ClCompile Include="Lambertian.test.cpp">
      <Filter>AutoGeneratedCode</Filter>
    </ClCompile>
    <ClCompile Include="LDSampler.test.cpp">
      <Filter>AutoGeneratedCode</Filter>
    </ClCompile>
    <ClCompile Include="Log.test.cpp">
      <Filter>AutoGeneratedCode</Filter>
    </ClCompile>
    <ClCompile Include="LTEIntegrator.test.cpp">
      <Filter>AutoGeneratedCode</Filter>
    </ClCompile>
    <ClCompile Include="MathRoutines.test.cpp">
      <Filter>AutoGeneratedCode</Filter>
    </ClCompile>
    <ClCompile Include="Matrix3x3.Serialization.test.cpp">
      <Filter>AutoGeneratedCode</Filter>
    </ClCompile>
    <ClCompile Include="Matrix3x3.test.cpp">
      <Filter>AutoGeneratedCode</Filter>
    </ClCompile>
    <ClCompile Include="Matrix4x4.Serialization.test.cpp">
      <Filter>AutoGeneratedCode</Filter>
    </ClCompile>
    <ClCompile Include="Matrix4x4.test.cpp">
      <Filter>AutoGeneratedCode</Filter>
    </ClCompile>
    <ClCompile Include="MatteMaterial.Serialization.test.cpp">
      <Filter>AutoGeneratedCode</Filter>
    </ClCompile>
    <ClCompile Include="MatteMaterial.test.cpp">
      <Filter>AutoGeneratedCode</Filter>
    </ClCompile>
    <ClCompile Include="MemoryPool.test.cpp">
      <Filter>AutoGeneratedCode</Filter>
    </ClCompile>
    <ClCompile Include="MERLMeasured.test.cpp">
      <Filter>AutoGeneratedCode</Filter>
    </ClCompile>
    <ClCompile Include="MERLMeasuredData.Serialization.test.cpp">
      <Filter>AutoGeneratedCode</Filter>
    </ClCompile>
    <ClCompile Include="MERLMeasuredMaterial.Serialization.test.cpp">
      <Filter>AutoGeneratedCode</Filter>
    </ClCompile>
    <ClCompile Include="MERLMeasuredMaterial.test.cpp">
      <Filter>AutoGeneratedCode</Filter>
    </ClCompile>
    <ClCompile Include="MetalMaterial.Serialization.test.cpp">
      <Filter>AutoGeneratedCode</Filter>
    </ClCompile>
    <ClCompile Include="MetalMaterial.test.cpp">
      <Filter>AutoGeneratedCode</Filter>
    </ClCompile>
    <ClCompile Include="Microfacet.test.cpp">
      <Filter>AutoGeneratedCode</Filter>
    </ClCompile>
    <ClCompile Include="MIPMap.Serialization.test.cpp">
      <Filter>AutoGeneratedCode</Filter>
    </ClCompile>
    <ClCompile Include="MIPMap.test.cpp">
      <Filter>AutoGeneratedCode</Filter>
    </ClCompile>
    <ClCompile Include="MitchellFilter.Serialization.test.cpp">
      <Filter>AutoGeneratedCode</Filter>
    </ClCompile>
    <ClCompile Include="MitchellFilter.test.cpp">
      <Filter>AutoGeneratedCode</Filter>
    </ClCompile>
    <ClCompile Include="MixMaterial.Serialization.test.cpp">
      <Filter>AutoGeneratedCode</Filter>
    </ClCompile>
    <ClCompile Include="MixMaterial.test.cpp">
      <Filter>AutoGeneratedCode</Filter>
    </ClCompile>
    <ClCompile Include="NoiseRoutines.test.cpp">
      <Filter>AutoGeneratedCode</Filter>
    </ClCompile>
    <ClCompile Include="Numerics.test.cpp">
      <Filter>AutoGeneratedCode</Filter>
    </ClCompile>
    <ClCompile Include="OpenEXRRgbaImageSource.Serialization.test.cpp">
      <Filter>AutoGeneratedCode</Filter>
    </ClCompile>
    <ClCompile Include="OpenEXRRgbaImageSource.test.cpp">
      <Filter>AutoGeneratedCode</Filter>
    </ClCompile>
    <ClCompile Include="OrenNayar.test.cpp">
      <Filter>AutoGeneratedCode</Filter>
    </ClCompile>
    <ClCompile Include="ParallelLight.Serialization.test.cpp">
      <Filter>AutoGeneratedCode</Filter>
    </ClCompile>
    <ClCompile Include="ParallelLight.test.cpp">
      <Filter>AutoGeneratedCode</Filter>
    </ClCompile>
    <ClCompile Include="PerspectiveCamera.Serialization.test.cpp">
      <Filter>AutoGeneratedCode</Filter>
    </ClCompile>
    <ClCompile Include="PerspectiveCamera.test.cpp">
      <Filter>AutoGeneratedCode</Filter>
    </ClCompile>
    <ClCompile Include="PhotonLTEIntegrator.test.cpp">
      <Filter>AutoGeneratedCode</Filter>
    </ClCompile>
    <ClCompile Include="PlasticMaterial.Serialization.test.cpp">
      <Filter>AutoGeneratedCode</Filter>
    </ClCompile>
    <ClCompile Include="PlasticMaterial.test.cpp">
      <Filter>AutoGeneratedCode</Filter>
    </ClCompile>
    <ClCompile Include="Point2D.Serialization.test.cpp">
      <Filter>AutoGeneratedCode</Filter>
    </ClCompile>
    <ClCompile Include="Point2D.test.cpp">
      <Filter>AutoGeneratedCode</Filter>
    </ClCompile>
    <ClCompile Include="Point3D.Serialization.test.cpp">
      <Filter>AutoGeneratedCode</Filter>
    </ClCompile>
    <ClCompile Include="Point3D.test.cpp">
      <Filter>AutoGeneratedCode</Filter>
    </ClCompile>
    <ClCompile Include="PointLight.Serialization.test.cpp">
      <Filter>AutoGeneratedCode</Filter>
    </ClCompile>
    <ClCompile Include="PointLight.test.cpp">
      <Filter>AutoGeneratedCode</Filter>
    </ClCompile>
    <ClCompile Include="PowerLightsSamplingStrategy.test.cpp">
      <Filter>AutoGeneratedCode</Filter>
    </ClCompile>
    <ClCompile Include="Primitive.Serialization.test.cpp">
      <Filter>AutoGeneratedCode</Filter>
    </ClCompile>
    <ClCompile Include="Primitive.test.cpp">
      <Filter>AutoGeneratedCode</Filter>
    </ClCompile>
    <ClCompile Include="RandomBlockedImagePixelsOrder.test.cpp">
      <Filter>AutoGeneratedCode</Filter>
    </ClCompile>
    <ClCompile Include="RandomGenerator.test.cpp">
      <Filter>AutoGeneratedCode</Filter>
    </ClCompile>
    <ClCompile Include="RandomSampler.test.cpp">
      <Filter>AutoGeneratedCode</Filter>
    </ClCompile>
    <ClCompile Include="Ray.Serialization.test.cpp">
      <Filter>AutoGeneratedCode</Filter>
    </ClCompile>
    <ClCompile Include="Ray.test.cpp">
      <Filter>AutoGeneratedCode</Filter>
    </ClCompile>
    <ClCompile Include="RGBImageSource.Serialization.test.cpp">
      <Filter>AutoGeneratedCode</Filter>
    </ClCompile>
    <ClCompile Include="RGBImageSource.test.cpp">
      <Filter>AutoGeneratedCode</Filter>
    </ClCompile>
    <ClCompile Include="Sample.test.cpp">
      <Filter>AutoGeneratedCode</Filter>
    </ClCompile>
    <ClCompile Include="Sampler.test.cpp">
      <Filter>AutoGeneratedCode</Filter>
    </ClCompile>
    <ClCompile Include="SamplerBasedRenderer.test.cpp">
      <Filter>AutoGeneratedCode</Filter>
    </ClCompile>
    <ClCompile Include="SamplingRoutines.test.cpp">
      <Filter>AutoGeneratedCode</Filter>
    </ClCompile>
    <ClCompile Include="ScaledBxDF.test.cpp">
      <Filter>AutoGeneratedCode</Filter>
    </ClCompile>
    <ClCompile Include="ScaleTexture.Serialization.test.cpp">
      <Filter>AutoGeneratedCode</Filter>
    </ClCompile>
    <ClCompile Include="ScaleTexture.test.cpp">
      <Filter>AutoGeneratedCode</Filter>
    </ClCompile>
    <ClCompile Include="Scene.Serialization.test.cpp">
      <Filter>AutoGeneratedCode</Filter>
    </ClCompile>
    <ClCompile Include="Scene.test.cpp">
      <Filter>AutoGeneratedCode</Filter>
    </ClCompile>
    <ClCompile Include="Spectrum.Serialization.test.cpp">
      <Filter>AutoGeneratedCode</Filter>
    </ClCompile>
    <ClCompile Include="Spectrum.test.cpp">
      <Filter>AutoGeneratedCode</Filter>
    </ClCompile>
    <ClCompile Include="SpectrumCoef.Serialization.test.cpp">
      <Filter>AutoGeneratedCode</Filter>
    </ClCompile>
    <ClCompile Include="SpectrumCoef.test.cpp">
      <Filter>AutoGeneratedCode</Filter>
    </ClCompile>
    <ClCompile Include="SpectrumRoutines.test.cpp">
      <Filter>AutoGeneratedCode</Filter>
    </ClCompile>
    <ClCompile Include="SpecularReflection.test.cpp">
      <Filter>AutoGeneratedCode</Filter>
    </ClCompile>
    <ClCompile Include="SpecularTransmission.test.cpp">
      <Filter>AutoGeneratedCode</Filter>
    </ClCompile>
    <ClCompile Include="Sphere.test.cpp">
      <Filter>AutoGeneratedCode</Filter>
    </ClCompile>
    <ClCompile Include="SphericalMapping2D.Serialization.test.cpp">
      <Filter>AutoGeneratedCode</Filter>
    </ClCompile>
    <ClCompile Include="SphericalMapping2D.test.cpp">
      <Filter>AutoGeneratedCode</Filter>
    </ClCompile>
    <ClCompile Include="SpotPointLight.Serialization.test.cpp">
      <Filter>AutoGeneratedCode</Filter>
    </ClCompile>
    <ClCompile Include="SpotPointLight.test.cpp">
      <Filter>AutoGeneratedCode</Filter>
    </ClCompile>
    <ClCompile Include="StratifiedSampler.test.cpp">
      <Filter>AutoGeneratedCode</Filter>
    </ClCompile>
    <ClCompile Include="SubstrateMaterial.Serialization.test.cpp">
      <Filter>AutoGeneratedCode</Filter>
    </ClCompile>
    <ClCompile Include="SubstrateMaterial.test.cpp">
      <Filter>AutoGeneratedCode</Filter>
    </ClCompile>
    <ClCompile Include="ThreadSafeRandom.Test.cpp">
      <Filter>AutoGeneratedCode</Filter>
    </ClCompile>
    <ClCompile Include="Transform.Serialization.test.cpp">
      <Filter>AutoGeneratedCode</Filter>
    </ClCompile>
    <ClCompile Include="Transform.test.cpp">
      <Filter>AutoGeneratedCode</Filter>
    </ClCompile>
    <ClCompile Include="TransformMapping3D.Serialization.test.cpp">
      <Filter>AutoGeneratedCode</Filter>
    </ClCompile>
    <ClCompile Include="TransformMapping3D.test.cpp">
      <Filter>AutoGeneratedCode</Filter>
    </ClCompile>
    <ClCompile Include="TransparentMaterial.Serialization.test.cpp">
      <Filter>AutoGeneratedCode</Filter>
    </ClCompile>
    <ClCompile Include="TransparentMaterial.test.cpp">
      <Filter>AutoGeneratedCode</Filter>
    </ClCompile>
    <ClCompile Include="Triangle3D.Serialization.test.cpp">
      <Filter>AutoGeneratedCode</Filter>
    </ClCompile>
    <ClCompile Include="Triangle3D.test.cpp">
      <Filter>AutoGeneratedCode</Filter>
    </ClCompile>
    <ClCompile Include="TriangleAccelerator.test.cpp">
      <Filter>AutoGeneratedCode</Filter>
    </ClCompile>
    <ClCompile Include="TriangleMesh.Serialization.test.cpp">
      <Filter>AutoGeneratedCode</Filter>
    </ClCompile>
    <ClCompile Include="TriangleMesh.test.cpp">
      <Filter>AutoGeneratedCode</Filter>
    </ClCompile>
    <ClCompile Include="UberMaterial.Serialization.test.cpp">
      <Filter>AutoGeneratedCode</Filter>
    </ClCompile>
    <ClCompile Include="UberMaterial.test.cpp">
      <Filter>AutoGeneratedCode</Filter>
    </ClCompile>
    <ClCompile Include="UniformImagePixelsOrder.test.cpp">
      <Filter>AutoGeneratedCode</Filter>
    </ClCompile>
    <ClCompile Include="UVMapping2D.Serialization.test.cpp">
      <Filter>AutoGeneratedCode</Filter>
    </ClCompile>
    <ClCompile Include="UVMapping2D.test.cpp">
      <Filter>AutoGeneratedCode</Filter>
    </ClCompile>
    <ClCompile Include="Vector2D.Serialization.test.cpp">
      <Filter>AutoGeneratedCode</Filter>
    </ClCompile>
    <ClCompile Include="Vector2D.test.cpp">
      <Filter>AutoGeneratedCode</Filter>
    </ClCompile>
    <ClCompile Include="Vector3D.Serialization.test.cpp">
      <Filter>AutoGeneratedCode</Filter>
    </ClCompile>
    <ClCompile Include="Vector3D.test.cpp">
      <Filter>AutoGeneratedCode</Filter>
    </ClCompile>
    <ClCompile Include="WindyTexture.Serialization.test.cpp">
      <Filter>AutoGeneratedCode</Filter>
    </ClCompile>
    <ClCompile Include="WindyTexture.test.cpp">
      <Filter>AutoGeneratedCode</Filter>
    </ClCompile>
  </ItemGroup>
</Project>