
Microsoft Visual Studio Solution File, Format Version 12.00
# Visual Studio 2013
VisualStudioVersion = 12.0.30723.0
MinimumVisualStudioVersion = 10.0.40219.1
Project("{8BC9CEB8-8B4A-11D0-8D11-00A0C91BC942}") = "Math", "Math\Math.vcxproj", "{82AC70FC-4CB6-4FF4-9CEA-E8FA28D4AA3E}"
	ProjectSection(ProjectDependencies) = postProject
		{1F4BE282-E7BD-462A-B798-9975C5E3F699} = {1F4BE282-E7BD-462A-B798-9975C5E3F699}
	EndProjectSection
EndProject
Project("{8BC9CEB8-8B4A-11D0-8D11-00A0C91BC942}") = "Common", "Common\Common.vcxproj", "{1F4BE282-E7BD-462A-B798-9975C5E3F699}"
EndProject
Project("{8BC9CEB8-8B4A-11D0-8D11-00A0C91BC942}") = "Shapes", "Shapes\Shapes.vcxproj", "{C22874BD-ABA3-4E5E-86D6-31F98520B557}"
	ProjectSection(ProjectDependencies) = postProject
		{ED053B6A-E1C9-4781-93AE-633837016D00} = {ED053B6A-E1C9-4781-93AE-633837016D00}
		{1F4BE282-E7BD-462A-B798-9975C5E3F699} = {1F4BE282-E7BD-462A-B798-9975C5E3F699}
		{82AC70FC-4CB6-4FF4-9CEA-E8FA28D4AA3E} = {82AC70FC-4CB6-4FF4-9CEA-E8FA28D4AA3E}
	EndProjectSection
EndProject
Project("{8BC9CEB8-8B4A-11D0-8D11-00A0C91BC942}") = "Raytracer", "Raytracer\Raytracer.vcxproj", "{ED053B6A-E1C9-4781-93AE-633837016D00}"
	ProjectSection(ProjectDependencies) = postProject
		{1F4BE282-E7BD-462A-B798-9975C5E3F699} = {1F4BE282-E7BD-462A-B798-9975C5E3F699}
		{82AC70FC-4CB6-4FF4-9CEA-E8FA28D4AA3E} = {82AC70FC-4CB6-4FF4-9CEA-E8FA28D4AA3E}
	EndProjectSection
EndProject
Project("{8BC9CEB8-8B4A-11D0-8D11-00A0C91BC942}") = "TestTrace", "TestTrace\TestTrace.vcxproj", "{1B889D66-FDEF-4835-A924-698B5CCCDE78}"
	ProjectSection(ProjectDependencies) = postProject
		{74EE4312-D17B-475E-ABA7-CB2C8C129999} = {74EE4312-D17B-475E-ABA7-CB2C8C129999}
		{ED053B6A-E1C9-4781-93AE-633837016D00} = {ED053B6A-E1C9-4781-93AE-633837016D00}
		{1F4BE282-E7BD-462A-B798-9975C5E3F699} = {1F4BE282-E7BD-462A-B798-9975C5E3F699}
		{C22874BD-ABA3-4E5E-86D6-31F98520B557} = {C22874BD-ABA3-4E5E-86D6-31F98520B557}
		{82AC70FC-4CB6-4FF4-9CEA-E8FA28D4AA3E} = {82AC70FC-4CB6-4FF4-9CEA-E8FA28D4AA3E}
	EndProjectSection
EndProject
Project("{8BC9CEB8-8B4A-11D0-8D11-00A0C91BC942}") = "UnitTests", "UnitTests\UnitTests.vcxproj", "{8035CBAD-5A7C-46F2-939A-172018577A27}"
	ProjectSection(ProjectDependencies) = postProject
		{ED053B6A-E1C9-4781-93AE-633837016D00} = {ED053B6A-E1C9-4781-93AE-633837016D00}
		{1F4BE282-E7BD-462A-B798-9975C5E3F699} = {1F4BE282-E7BD-462A-B798-9975C5E3F699}
		{C22874BD-ABA3-4E5E-86D6-31F98520B557} = {C22874BD-ABA3-4E5E-86D6-31F98520B557}
		{82AC70FC-4CB6-4FF4-9CEA-E8FA28D4AA3E} = {82AC70FC-4CB6-4FF4-9CEA-E8FA28D4AA3E}
	EndProjectSection
EndProject
Project("{8BC9CEB8-8B4A-11D0-8D11-00A0C91BC942}") = "CADImport", "CADImport\CADImport.vcxproj", "{74EE4312-D17B-475E-ABA7-CB2C8C129999}"
	ProjectSection(ProjectDependencies) = postProject
		{ED053B6A-E1C9-4781-93AE-633837016D00} = {ED053B6A-E1C9-4781-93AE-633837016D00}
		{1F4BE282-E7BD-462A-B798-9975C5E3F699} = {1F4BE282-E7BD-462A-B798-9975C5E3F699}
		{C22874BD-ABA3-4E5E-86D6-31F98520B557} = {C22874BD-ABA3-4E5E-86D6-31F98520B557}
		{82AC70FC-4CB6-4FF4-9CEA-E8FA28D4AA3E} = {82AC70FC-4CB6-4FF4-9CEA-E8FA28D4AA3E}
	EndProjectSection
EndProject
Global
	GlobalSection(SolutionConfigurationPlatforms) = preSolution
		Debug|Win32 = Debug|Win32
		Release|Win32 = Release|Win32
	EndGlobalSection
	GlobalSection(ProjectConfigurationPlatforms) = postSolution
		{82AC70FC-4CB6-4FF4-9CEA-E8FA28D4AA3E}.Debug|Win32.ActiveCfg = Debug|Win32
		{82AC70FC-4CB6-4FF4-9CEA-E8FA28D4AA3E}.Debug|Win32.Build.0 = Debug|Win32
		{82AC70FC-4CB6-4FF4-9CEA-E8FA28D4AA3E}.Release|Win32.ActiveCfg = Release|Win32
		{82AC70FC-4CB6-4FF4-9CEA-E8FA28D4AA3E}.Release|Win32.Build.0 = Release|Win32
		{1F4BE282-E7BD-462A-B798-9975C5E3F699}.Debug|Win32.ActiveCfg = Debug|Win32
		{1F4BE282-E7BD-462A-B798-9975C5E3F699}.Debug|Win32.Build.0 = Debug|Win32
		{1F4BE282-E7BD-462A-B798-9975C5E3F699}.Release|Win32.ActiveCfg = Release|Win32
		{1F4BE282-E7BD-462A-B798-9975C5E3F699}.Release|Win32.Build.0 = Release|Win32
		{C22874BD-ABA3-4E5E-86D6-31F98520B557}.Debug|Win32.ActiveCfg = Debug|Win32
		{C22874BD-ABA3-4E5E-86D6-31F98520B557}.Debug|Win32.Build.0 = Debug|Win32
		{C22874BD-ABA3-4E5E-86D6-31F98520B557}.Release|Win32.ActiveCfg = Release|Win32
		{C22874BD-ABA3-4E5E-86D6-31F98520B557}.Release|Win32.Build.0 = Release|Win32
		{ED053B6A-E1C9-4781-93AE-633837016D00}.Debug|Win32.ActiveCfg = Debug|Win32
		{ED053B6A-E1C9-4781-93AE-633837016D00}.Debug|Win32.Build.0 = Debug|Win32
		{ED053B6A-E1C9-4781-93AE-633837016D00}.Release|Win32.ActiveCfg = Release|Win32
		{ED053B6A-E1C9-4781-93AE-633837016D00}.Release|Win32.Build.0 = Release|Win32
		{1B889D66-FDEF-4835-A924-698B5CCCDE78}.Debug|Win32.ActiveCfg = Debug|Win32
		{1B889D66-FDEF-4835-A924-698B5CCCDE78}.Debug|Win32.Build.0 = Debug|Win32
		{1B889D66-FDEF-4835-A924-698B5CCCDE78}.Release|Win32.ActiveCfg = Release|Win32
		{1B889D66-FDEF-4835-A924-698B5CCCDE78}.Release|Win32.Build.0 = Release|Win32
		{8035CBAD-5A7C-46F2-939A-172018577A27}.Debug|Win32.ActiveCfg = Debug|Win32
		{8035CBAD-5A7C-46F2-939A-172018577A27}.Debug|Win32.Build.0 = Debug|Win32
		{8035CBAD-5A7C-46F2-939A-172018577A27}.Release|Win32.ActiveCfg = Release|Win32
		{8035CBAD-5A7C-46F2-939A-172018577A27}.Release|Win32.Build.0 = Release|Win32
		{74EE4312-D17B-475E-ABA7-CB2C8C129999}.Debug|Win32.ActiveCfg = Debug|Win32
		{74EE4312-D17B-475E-ABA7-CB2C8C129999}.Debug|Win32.Build.0 = Debug|Win32
		{74EE4312-D17B-475E-ABA7-CB2C8C129999}.Release|Win32.ActiveCfg = Release|Win32
		{74EE4312-D17B-475E-ABA7-CB2C8C129999}.Release|Win32.Build.0 = Release|Win32
	EndGlobalSection
	GlobalSection(SolutionProperties) = preSolution
		HideSolutionNode = FALSE
	EndGlobalSection
EndGlobal
